
Microsoft Visual Studio Solution File, Format Version 12.00
# Visual Studio Version 16
VisualStudioVersion = 16.0.30104.148
MinimumVisualStudioVersion = 10.0.40219.1
Project("{FAE04EC0-301F-11D3-BF4B-00C04F79EFBC}") = "JWTTokenTest", "JWTTokenTest\JWTTokenTest.csproj", "{0E2F0015-8863-4027-8C05-BCBD5358316A}"
EndProject
Global
	GlobalSection(SolutionConfigurationPlatforms) = preSolution
		Debug|Any CPU = Debug|Any CPU
		Release|Any CPU = Release|Any CPU
	EndGlobalSection
	GlobalSection(ProjectConfigurationPlatforms) = postSolution
		{0E2F0015-8863-4027-8C05-BCBD5358316A}.Debug|Any CPU.ActiveCfg = Debug|Any CPU
		{0E2F0015-8863-4027-8C05-BCBD5358316A}.Debug|Any CPU.Build.0 = Debug|Any CPU
		{0E2F0015-8863-4027-8C05-BCBD5358316A}.Release|Any CPU.ActiveCfg = Release|Any CPU
		{0E2F0015-8863-4027-8C05-BCBD5358316A}.Release|Any CPU.Build.0 = Release|Any CPU
	EndGlobalSection
	GlobalSection(SolutionProperties) = preSolution
		HideSolutionNode = FALSE
	EndGlobalSection
	GlobalSection(ExtensibilityGlobals) = postSolution
		SolutionGuid = {35BD28B5-873D-4694-9799-4B2319105761}
	EndGlobalSection
EndGlobal
